// !$*UTF8*$!
{
	archiveVersion = 1;
	classes = {
	};
	objectVersion = 46;
	objects = {

/* Begin PBXBuildFile section */
		234D25A01BA6C2390088B2B4 /* main.m in Sources */ = {isa = PBXBuildFile; fileRef = 234D259F1BA6C2390088B2B4 /* main.m */; };
		234D25A31BA6C2390088B2B4 /* AppDelegate.m in Sources */ = {isa = PBXBuildFile; fileRef = 234D25A21BA6C2390088B2B4 /* AppDelegate.m */; };
		234D25A51BA6C2390088B2B4 /* art.scnassets in Resources */ = {isa = PBXBuildFile; fileRef = 234D25A41BA6C2390088B2B4 /* art.scnassets */; };
		234D25A81BA6C2390088B2B4 /* GameViewController.m in Sources */ = {isa = PBXBuildFile; fileRef = 234D25A71BA6C2390088B2B4 /* GameViewController.m */; };
		234D25AB1BA6C2390088B2B4 /* Main.storyboard in Resources */ = {isa = PBXBuildFile; fileRef = 234D25A91BA6C2390088B2B4 /* Main.storyboard */; };
		234D25AD1BA6C2390088B2B4 /* Images.xcassets in Resources */ = {isa = PBXBuildFile; fileRef = 234D25AC1BA6C2390088B2B4 /* Images.xcassets */; };
		234D25B01BA6C2390088B2B4 /* LaunchScreen.xib in Resources */ = {isa = PBXBuildFile; fileRef = 234D25AE1BA6C2390088B2B4 /* LaunchScreen.xib */; };
		234D25BC1BA6C23A0088B2B4 /* sceneKitOCTests.m in Sources */ = {isa = PBXBuildFile; fileRef = 234D25BB1BA6C23A0088B2B4 /* sceneKitOCTests.m */; };
		234D25C71BA6C6EA0088B2B4 /* myViewController.m in Sources */ = {isa = PBXBuildFile; fileRef = 234D25C61BA6C6EA0088B2B4 /* myViewController.m */; };
/* End PBXBuildFile section */

/* Begin PBXContainerItemProxy section */
		234D25B61BA6C23A0088B2B4 /* PBXContainerItemProxy */ = {
			isa = PBXContainerItemProxy;
			containerPortal = 234D25921BA6C2390088B2B4 /* Project object */;
			proxyType = 1;
			remoteGlobalIDString = 234D25991BA6C2390088B2B4;
			remoteInfo = sceneKitOC;
		};
/* End PBXContainerItemProxy section */

/* Begin PBXFileReference section */
		234D259A1BA6C2390088B2B4 /* sceneKitOC.app */ = {isa = PBXFileReference; explicitFileType = wrapper.application; includeInIndex = 0; path = sceneKitOC.app; sourceTree = BUILT_PRODUCTS_DIR; };
		234D259E1BA6C2390088B2B4 /* Info.plist */ = {isa = PBXFileReference; lastKnownFileType = text.plist.xml; path = Info.plist; sourceTree = "<group>"; };
		234D259F1BA6C2390088B2B4 /* main.m */ = {isa = PBXFileReference; lastKnownFileType = sourcecode.c.objc; path = main.m; sourceTree = "<group>"; };
		234D25A11BA6C2390088B2B4 /* AppDelegate.h */ = {isa = PBXFileReference; lastKnownFileType = sourcecode.c.h; path = AppDelegate.h; sourceTree = "<group>"; };
		234D25A21BA6C2390088B2B4 /* AppDelegate.m */ = {isa = PBXFileReference; lastKnownFileType = sourcecode.c.objc; path = AppDelegate.m; sourceTree = "<group>"; };
		234D25A41BA6C2390088B2B4 /* art.scnassets */ = {isa = PBXFileReference; lastKnownFileType = wrapper.scnassets; path = art.scnassets; sourceTree = "<group>"; };
		234D25A61BA6C2390088B2B4 /* GameViewController.h */ = {isa = PBXFileReference; lastKnownFileType = sourcecode.c.h; path = GameViewController.h; sourceTree = "<group>"; };
		234D25A71BA6C2390088B2B4 /* GameViewController.m */ = {isa = PBXFileReference; lastKnownFileType = sourcecode.c.objc; path = GameViewController.m; sourceTree = "<group>"; };
		234D25AA1BA6C2390088B2B4 /* Base */ = {isa = PBXFileReference; lastKnownFileType = file.storyboard; name = Base; path = Base.lproj/Main.storyboard; sourceTree = "<group>"; };
		234D25AC1BA6C2390088B2B4 /* Images.xcassets */ = {isa = PBXFileReference; lastKnownFileType = folder.assetcatalog; path = Images.xcassets; sourceTree = "<group>"; };
		234D25AF1BA6C2390088B2B4 /* Base */ = {isa = PBXFileReference; lastKnownFileType = file.xib; name = Base; path = Base.lproj/LaunchScreen.xib; sourceTree = "<group>"; };
		234D25B51BA6C23A0088B2B4 /* sceneKitOCTests.xctest */ = {isa = PBXFileReference; explicitFileType = wrapper.cfbundle; includeInIndex = 0; path = sceneKitOCTests.xctest; sourceTree = BUILT_PRODUCTS_DIR; };
		234D25BA1BA6C23A0088B2B4 /* Info.plist */ = {isa = PBXFileReference; lastKnownFileType = text.plist.xml; path = Info.plist; sourceTree = "<group>"; };
		234D25BB1BA6C23A0088B2B4 /* sceneKitOCTests.m */ = {isa = PBXFileReference; lastKnownFileType = sourcecode.c.objc; path = sceneKitOCTests.m; sourceTree = "<group>"; };
		234D25C51BA6C6EA0088B2B4 /* myViewController.h */ = {isa = PBXFileReference; fileEncoding = 4; lastKnownFileType = sourcecode.c.h; path = myViewController.h; sourceTree = "<group>"; };
		234D25C61BA6C6EA0088B2B4 /* myViewController.m */ = {isa = PBXFileReference; fileEncoding = 4; lastKnownFileType = sourcecode.c.objc; path = myViewController.m; sourceTree = "<group>"; };
/* End PBXFileReference section */

/* Begin PBXFrameworksBuildPhase section */
		234D25971BA6C2390088B2B4 /* Frameworks */ = {
			isa = PBXFrameworksBuildPhase;
			buildActionMask = 2147483647;
			files = (
			);
			runOnlyForDeploymentPostprocessing = 0;
		};
		234D25B21BA6C23A0088B2B4 /* Frameworks */ = {
			isa = PBXFrameworksBuildPhase;
			buildActionMask = 2147483647;
			files = (
			);
			runOnlyForDeploymentPostprocessing = 0;
		};
/* End PBXFrameworksBuildPhase section */

/* Begin PBXGroup section */
		234D25911BA6C2390088B2B4 = {
			isa = PBXGroup;
			children = (
				234D259C1BA6C2390088B2B4 /* sceneKitOC */,
				234D25B81BA6C23A0088B2B4 /* sceneKitOCTests */,
				234D259B1BA6C2390088B2B4 /* Products */,
			);
			sourceTree = "<group>";
		};
		234D259B1BA6C2390088B2B4 /* Products */ = {
			isa = PBXGroup;
			children = (
				234D259A1BA6C2390088B2B4 /* sceneKitOC.app */,
				234D25B51BA6C23A0088B2B4 /* sceneKitOCTests.xctest */,
			);
			name = Products;
			sourceTree = "<group>";
		};
		234D259C1BA6C2390088B2B4 /* sceneKitOC */ = {
			isa = PBXGroup;
			children = (
				234D25A11BA6C2390088B2B4 /* AppDelegate.h */,
				234D25A21BA6C2390088B2B4 /* AppDelegate.m */,
				234D25A41BA6C2390088B2B4 /* art.scnassets */,
				234D25A61BA6C2390088B2B4 /* GameViewController.h */,
				234D25A71BA6C2390088B2B4 /* GameViewController.m */,
				234D25A91BA6C2390088B2B4 /* Main.storyboard */,
				234D25AC1BA6C2390088B2B4 /* Images.xcassets */,
				234D25AE1BA6C2390088B2B4 /* LaunchScreen.xib */,
				234D259D1BA6C2390088B2B4 /* Supporting Files */,
				234D25C51BA6C6EA0088B2B4 /* myViewController.h */,
				234D25C61BA6C6EA0088B2B4 /* myViewController.m */,
			);
			path = sceneKitOC;
			sourceTree = "<group>";
		};
		234D259D1BA6C2390088B2B4 /* Supporting Files */ = {
			isa = PBXGroup;
			children = (
				234D259E1BA6C2390088B2B4 /* Info.plist */,
				234D259F1BA6C2390088B2B4 /* main.m */,
			);
			name = "Supporting Files";
			sourceTree = "<group>";
		};
		234D25B81BA6C23A0088B2B4 /* sceneKitOCTests */ = {
			isa = PBXGroup;
			children = (
				234D25BB1BA6C23A0088B2B4 /* sceneKitOCTests.m */,
				234D25B91BA6C23A0088B2B4 /* Supporting Files */,
			);
			path = sceneKitOCTests;
			sourceTree = "<group>";
		};
		234D25B91BA6C23A0088B2B4 /* Supporting Files */ = {
			isa = PBXGroup;
			children = (
				234D25BA1BA6C23A0088B2B4 /* Info.plist */,
			);
			name = "Supporting Files";
			sourceTree = "<group>";
		};
/* End PBXGroup section */

/* Begin PBXNativeTarget section */
		234D25991BA6C2390088B2B4 /* sceneKitOC */ = {
			isa = PBXNativeTarget;
			buildConfigurationList = 234D25BF1BA6C23A0088B2B4 /* Build configuration list for PBXNativeTarget "sceneKitOC" */;
			buildPhases = (
				234D25961BA6C2390088B2B4 /* Sources */,
				234D25971BA6C2390088B2B4 /* Frameworks */,
				234D25981BA6C2390088B2B4 /* Resources */,
			);
			buildRules = (
			);
			dependencies = (
			);
			name = sceneKitOC;
			productName = sceneKitOC;
			productReference = 234D259A1BA6C2390088B2B4 /* sceneKitOC.app */;
			productType = "com.apple.product-type.application";
		};
		234D25B41BA6C23A0088B2B4 /* sceneKitOCTests */ = {
			isa = PBXNativeTarget;
			buildConfigurationList = 234D25C21BA6C23A0088B2B4 /* Build configuration list for PBXNativeTarget "sceneKitOCTests" */;
			buildPhases = (
				234D25B11BA6C23A0088B2B4 /* Sources */,
				234D25B21BA6C23A0088B2B4 /* Frameworks */,
				234D25B31BA6C23A0088B2B4 /* Resources */,
			);
			buildRules = (
			);
			dependencies = (
				234D25B71BA6C23A0088B2B4 /* PBXTargetDependency */,
			);
			name = sceneKitOCTests;
			productName = sceneKitOCTests;
			productReference = 234D25B51BA6C23A0088B2B4 /* sceneKitOCTests.xctest */;
			productType = "com.apple.product-type.bundle.unit-test";
		};
/* End PBXNativeTarget section */

/* Begin PBXProject section */
		234D25921BA6C2390088B2B4 /* Project object */ = {
			isa = PBXProject;
			attributes = {
				LastUpgradeCheck = 0640;
				ORGANIZATIONNAME = "Ogilvy & Mather RW";
				TargetAttributes = {
					234D25991BA6C2390088B2B4 = {
						CreatedOnToolsVersion = 6.4;
					};
					234D25B41BA6C23A0088B2B4 = {
						CreatedOnToolsVersion = 6.4;
						TestTargetID = 234D25991BA6C2390088B2B4;
					};
				};
			};
			buildConfigurationList = 234D25951BA6C2390088B2B4 /* Build configuration list for PBXProject "sceneKitOC" */;
			compatibilityVersion = "Xcode 3.2";
			developmentRegion = English;
			hasScannedForEncodings = 0;
			knownRegions = (
				en,
				Base,
			);
			mainGroup = 234D25911BA6C2390088B2B4;
			productRefGroup = 234D259B1BA6C2390088B2B4 /* Products */;
			projectDirPath = "";
			projectRoot = "";
			targets = (
				234D25991BA6C2390088B2B4 /* sceneKitOC */,
				234D25B41BA6C23A0088B2B4 /* sceneKitOCTests */,
			);
		};
/* End PBXProject section */

/* Begin PBXResourcesBuildPhase section */
		234D25981BA6C2390088B2B4 /* Resources */ = {
			isa = PBXResourcesBuildPhase;
			buildActionMask = 2147483647;
			files = (
				234D25B01BA6C2390088B2B4 /* LaunchScreen.xib in Resources */,
				234D25AD1BA6C2390088B2B4 /* Images.xcassets in Resources */,
				234D25A51BA6C2390088B2B4 /* art.scnassets in Resources */,
				234D25AB1BA6C2390088B2B4 /* Main.storyboard in Resources */,
			);
			runOnlyForDeploymentPostprocessing = 0;
		};
		234D25B31BA6C23A0088B2B4 /* Resources */ = {
			isa = PBXResourcesBuildPhase;
			buildActionMask = 2147483647;
			files = (
			);
			runOnlyForDeploymentPostprocessing = 0;
		};
/* End PBXResourcesBuildPhase section */

/* Begin PBXSourcesBuildPhase section */
		234D25961BA6C2390088B2B4 /* Sources */ = {
			isa = PBXSourcesBuildPhase;
			buildActionMask = 2147483647;
			files = (
				234D25A31BA6C2390088B2B4 /* AppDelegate.m in Sources */,
				234D25A81BA6C2390088B2B4 /* GameViewController.m in Sources */,
				234D25C71BA6C6EA0088B2B4 /* myViewController.m in Sources */,
				234D25A01BA6C2390088B2B4 /* main.m in Sources */,
			);
			runOnlyForDeploymentPostprocessing = 0;
		};
		234D25B11BA6C23A0088B2B4 /* Sources */ = {
			isa = PBXSourcesBuildPhase;
			buildActionMask = 2147483647;
			files = (
				234D25BC1BA6C23A0088B2B4 /* sceneKitOCTests.m in Sources */,
			);
			runOnlyForDeploymentPostprocessing = 0;
		};
/* End PBXSourcesBuildPhase section */

/* Begin PBXTargetDependency section */
		234D25B71BA6C23A0088B2B4 /* PBXTargetDependency */ = {
			isa = PBXTargetDependency;
			target = 234D25991BA6C2390088B2B4 /* sceneKitOC */;
			targetProxy = 234D25B61BA6C23A0088B2B4 /* PBXContainerItemProxy */;
		};
/* End PBXTargetDependency section */

/* Begin PBXVariantGroup section */
		234D25A91BA6C2390088B2B4 /* Main.storyboard */ = {
			isa = PBXVariantGroup;
			children = (
				234D25AA1BA6C2390088B2B4 /* Base */,
			);
			name = Main.storyboard;
			sourceTree = "<group>";
		};
		234D25AE1BA6C2390088B2B4 /* LaunchScreen.xib */ = {
			isa = PBXVariantGroup;
			children = (
				234D25AF1BA6C2390088B2B4 /* Base */,
			);
			name = LaunchScreen.xib;
			sourceTree = "<group>";
		};
/* End PBXVariantGroup section */

/* Begin XCBuildConfiguration section */
		234D25BD1BA6C23A0088B2B4 /* Debug */ = {
			isa = XCBuildConfiguration;
			buildSettings = {
				ALWAYS_SEARCH_USER_PATHS = NO;
				CLANG_CXX_LANGUAGE_STANDARD = "gnu++0x";
				CLANG_CXX_LIBRARY = "libc++";
				CLANG_ENABLE_MODULES = YES;
				CLANG_ENABLE_OBJC_ARC = YES;
				CLANG_WARN_BOOL_CONVERSION = YES;
				CLANG_WARN_CONSTANT_CONVERSION = YES;
				CLANG_WARN_DIRECT_OBJC_ISA_USAGE = YES_ERROR;
				CLANG_WARN_EMPTY_BODY = YES;
				CLANG_WARN_ENUM_CONVERSION = YES;
				CLANG_WARN_INT_CONVERSION = YES;
				CLANG_WARN_OBJC_ROOT_CLASS = YES_ERROR;
				CLANG_WARN_UNREACHABLE_CODE = YES;
				CLANG_WARN__DUPLICATE_METHOD_MATCH = YES;
				"CODE_SIGN_IDENTITY[sdk=iphoneos*]" = "iPhone Developer";
				COPY_PHASE_STRIP = NO;
				DEBUG_INFORMATION_FORMAT = "dwarf-with-dsym";
				ENABLE_STRICT_OBJC_MSGSEND = YES;
				GCC_C_LANGUAGE_STANDARD = gnu99;
				GCC_DYNAMIC_NO_PIC = NO;
				GCC_NO_COMMON_BLOCKS = YES;
				GCC_OPTIMIZATION_LEVEL = 0;
				GCC_PREPROCESSOR_DEFINITIONS = (
					"DEBUG=1",
					"$(inherited)",
				);
				GCC_SYMBOLS_PRIVATE_EXTERN = NO;
				GCC_WARN_64_TO_32_BIT_CONVERSION = YES;
				GCC_WARN_ABOUT_RETURN_TYPE = YES_ERROR;
				GCC_WARN_UNDECLARED_SELECTOR = YES;
				GCC_WARN_UNINITIALIZED_AUTOS = YES_AGGRESSIVE;
				GCC_WARN_UNUSED_FUNCTION = YES;
				GCC_WARN_UNUSED_VARIABLE = YES;
				IPHONEOS_DEPLOYMENT_TARGET = 8.4;
				MTL_ENABLE_DEBUG_INFO = YES;
				ONLY_ACTIVE_ARCH = YES;
				SDKROOT = iphoneos;
				TARGETED_DEVICE_FAMILY = "1,2";
			};
			name = Debug;
		};
		234D25BE1BA6C23A0088B2B4 /* Release */ = {
			isa = XCBuildConfiguration;
			buildSettings = {
				ALWAYS_SEARCH_USER_PATHS = NO;
				CLANG_CXX_LANGUAGE_STANDARD = "gnu++0x";
				CLANG_CXX_LIBRARY = "libc++";
				CLANG_ENABLE_MODULES = YES;
				CLANG_ENABLE_OBJC_ARC = YES;
				CLANG_WARN_BOOL_CONVERSION = YES;
				CLANG_WARN_CONSTANT_CONVERSION = YES;
				CLANG_WARN_DIRECT_OBJC_ISA_USAGE = YES_ERROR;
				CLANG_WARN_EMPTY_BODY = YES;
				CLANG_WARN_ENUM_CONVERSION = YES;
				CLANG_WARN_INT_CONVERSION = YES;
				CLANG_WARN_OBJC_ROOT_CLASS = YES_ERROR;
				CLANG_WARN_UNREACHABLE_CODE = YES;
				CLANG_WARN__DUPLICATE_METHOD_MATCH = YES;
				"CODE_SIGN_IDENTITY[sdk=iphoneos*]" = "iPhone Developer";
				COPY_PHASE_STRIP = NO;
				DEBUG_INFORMATION_FORMAT = "dwarf-with-dsym";
				ENABLE_NS_ASSERTIONS = NO;
				ENABLE_STRICT_OBJC_MSGSEND = YES;
				GCC_C_LANGUAGE_STANDARD = gnu99;
				GCC_NO_COMMON_BLOCKS = YES;
				GCC_WARN_64_TO_32_BIT_CONVERSION = YES;
				GCC_WARN_ABOUT_RETURN_TYPE = YES_ERROR;
				GCC_WARN_UNDECLARED_SELECTOR = YES;
				GCC_WARN_UNINITIALIZED_AUTOS = YES_AGGRESSIVE;
				GCC_WARN_UNUSED_FUNCTION = YES;
				GCC_WARN_UNUSED_VARIABLE = YES;
				IPHONEOS_DEPLOYMENT_TARGET = 8.4;
				MTL_ENABLE_DEBUG_INFO = NO;
				SDKROOT = iphoneos;
				TARGETED_DEVICE_FAMILY = "1,2";
				VALIDATE_PRODUCT = YES;
			};
			name = Release;
		};
		234D25C01BA6C23A0088B2B4 /* Debug */ = {
			isa = XCBuildConfiguration;
			buildSettings = {
				ASSETCATALOG_COMPILER_APPICON_NAME = AppIcon;
				INFOPLIST_FILE = sceneKitOC/Info.plist;
				LD_RUNPATH_SEARCH_PATHS = "$(inherited) @executable_path/Frameworks";
				PRODUCT_NAME = "$(TARGET_NAME)";
			};
			name = Debug;
		};
		234D25C11BA6C23A0088B2B4 /* Release */ = {
			isa = XCBuildConfiguration;
			buildSettings = {
				ASSETCATALOG_COMPILER_APPICON_NAME = AppIcon;
				INFOPLIST_FILE = sceneKitOC/Info.plist;
				LD_RUNPATH_SEARCH_PATHS = "$(inherited) @executable_path/Frameworks";
				PRODUCT_NAME = "$(TARGET_NAME)";
			};
			name = Release;
		};
		234D25C31BA6C23A0088B2B4 /* Debug */ = {
			isa = XCBuildConfiguration;
			buildSettings = {
				BUNDLE_LOADER = "$(TEST_HOST)";
				FRAMEWORK_SEARCH_PATHS = (
					"$(SDKROOT)/Developer/Library/Frameworks",
					"$(inherited)",
				);
				GCC_PREPROCESSOR_DEFINITIONS = (
					"DEBUG=1",
					"$(inherited)",
				);
				INFOPLIST_FILE = sceneKitOCTests/Info.plist;
				LD_RUNPATH_SEARCH_PATHS = "$(inherited) @executable_path/Frameworks @loader_path/Frameworks";
				PRODUCT_NAME = "$(TARGET_NAME)";
				TEST_HOST = "$(BUILT_PRODUCTS_DIR)/sceneKitOC.app/sceneKitOC";
			};
			name = Debug;
		};
		234D25C41BA6C23A0088B2B4 /* Release */ = {
			isa = XCBuildConfiguration;
			buildSettings = {
				BUNDLE_LOADER = "$(TEST_HOST)";
				FRAMEWORK_SEARCH_PATHS = (
					"$(SDKROOT)/Developer/Library/Frameworks",
					"$(inherited)",
				);
				INFOPLIST_FILE = sceneKitOCTests/Info.plist;
				LD_RUNPATH_SEARCH_PATHS = "$(inherited) @executable_path/Frameworks @loader_path/Frameworks";
				PRODUCT_NAME = "$(TARGET_NAME)";
				TEST_HOST = "$(BUILT_PRODUCTS_DIR)/sceneKitOC.app/sceneKitOC";
			};
			name = Release;
		};
/* End XCBuildConfiguration section */

/* Begin XCConfigurationList section */
		234D25951BA6C2390088B2B4 /* Build configuration list for PBXProject "sceneKitOC" */ = {
			isa = XCConfigurationList;
			buildConfigurations = (
				234D25BD1BA6C23A0088B2B4 /* Debug */,
				234D25BE1BA6C23A0088B2B4 /* Release */,
			);
			defaultConfigurationIsVisible = 0;
			defaultConfigurationName = Release;
		};
		234D25BF1BA6C23A0088B2B4 /* Build configuration list for PBXNativeTarget "sceneKitOC" */ = {
			isa = XCConfigurationList;
			buildConfigurations = (
				234D25C01BA6C23A0088B2B4 /* Debug */,
				234D25C11BA6C23A0088B2B4 /* Release */,
			);
			defaultConfigurationIsVisible = 0;
		};
		234D25C21BA6C23A0088B2B4 /* Build configuration list for PBXNativeTarget "sceneKitOCTests" */ = {
			isa = XCConfigurationList;
			buildConfigurations = (
				234D25C31BA6C23A0088B2B4 /* Debug */,
				234D25C41BA6C23A0088B2B4 /* Release */,
			);
			defaultConfigurationIsVisible = 0;
		};
/* End XCConfigurationList section */
	};
	rootObject = 234D25921BA6C2390088B2B4 /* Project object */;
}
